{
  "lockfileVersion": 1,
  "workspaces": {
    "": {
      "name": "galbe",
      "dependencies": {
        "galbe": "^0.10.1",
      },
      "devDependencies": {
        "@types/bun": "^1.2.2",
        "typescript": "^5.7.3",
      },
    },
  },
  "packages": {
    "@swc/core": ["@swc/core@1.10.16", "", { "dependencies": { "@swc/counter": "^0.1.3", "@swc/types": "^0.1.17" }, "optionalDependencies": { "@swc/core-darwin-arm64": "1.10.16", "@swc/core-darwin-x64": "1.10.16", "@swc/core-linux-arm-gnueabihf": "1.10.16", "@swc/core-linux-arm64-gnu": "1.10.16", "@swc/core-linux-arm64-musl": "1.10.16", "@swc/core-linux-x64-gnu": "1.10.16", "@swc/core-linux-x64-musl": "1.10.16", "@swc/core-win32-arm64-msvc": "1.10.16", "@swc/core-win32-ia32-msvc": "1.10.16", "@swc/core-win32-x64-msvc": "1.10.16" }, "peerDependencies": { "@swc/helpers": "*" }, "optionalPeers": ["@swc/helpers"] }, "sha512-nOINg/OUcZazCW7B55QV2/UB8QAqz9FYe4+z229+4RYboBTZ102K7ebOEjY5sKn59JgAkhjZTz+5BKmXpDFopw=="],

    "@swc/core-darwin-arm64": ["@swc/core-darwin-arm64@1.10.16", "", { "os": "darwin", "cpu": "arm64" }, "sha512-iikIxwqCQ4Bvz79vJ4ELh26efPf1u5D9TFdmXSJUBs7C3mmMHvk5zyWD9A9cTowXiW6WHs2gE58U1R9HOTTIcg=="],

    "@swc/core-darwin-x64": ["@swc/core-darwin-x64@1.10.16", "", { "os": "darwin", "cpu": "x64" }, "sha512-R2Eb9aktWd62vPfW9H/c/OaQ0e94iURibBo4uzUUcgxNNmB4+wb6piKbHxGdr/5bEsT+vJ1lwZFSRzfb45E7DA=="],

    "@swc/core-linux-arm-gnueabihf": ["@swc/core-linux-arm-gnueabihf@1.10.16", "", { "os": "linux", "cpu": "arm" }, "sha512-mkqN3HBAMnuiSGZ/k2utScuH8rAPshvNj0T1LjBWon+X9DkMNHSA+aMLdWsy0yZKF1zjOPc4L3Uq2l2wzhUlzA=="],

    "@swc/core-linux-arm64-gnu": ["@swc/core-linux-arm64-gnu@1.10.16", "", { "os": "linux", "cpu": "arm64" }, "sha512-PH/+q/L5nVZJ91CU07CL6Q9Whs6iR6nneMZMAgtVF9Ix8ST0cWVItdUhs6D38kFklCFhaOrpHhS01HlMJ72vWw=="],

    "@swc/core-linux-arm64-musl": ["@swc/core-linux-arm64-musl@1.10.16", "", { "os": "linux", "cpu": "arm64" }, "sha512-1169+C9XbydKKc6Ec1XZxTGKtHjZHDIFn0r+Nqp/QSVwkORrOY1Vz2Hdu7tn/lWMg36ZkGePS+LnnyV67s/7yg=="],

    "@swc/core-linux-x64-gnu": ["@swc/core-linux-x64-gnu@1.10.16", "", { "os": "linux", "cpu": "x64" }, "sha512-n2rV0XwkjoHn4MDJmpYp5RBrnyi94/6GsJVpbn6f+/eqSrZn3mh3dT7pdZc9zCN1Qp9eDHo+uI6e/wgvbL22uA=="],

    "@swc/core-linux-x64-musl": ["@swc/core-linux-x64-musl@1.10.16", "", { "os": "linux", "cpu": "x64" }, "sha512-EevCpwreBrkPrJjQVIbiM81lK42ukNNSlBmrSRxxbx2V9VGmOd5qxX0cJBn0TRRSLIPi62BuMS76F9iYjqsjgg=="],

    "@swc/core-win32-arm64-msvc": ["@swc/core-win32-arm64-msvc@1.10.16", "", { "os": "win32", "cpu": "arm64" }, "sha512-BvE7RWAnKJeELVQWLok6env5I4GUVBTZSvaSN/VPgxnTjF+4PsTeQptYx0xCYhp5QCv68wWYsBnZKuPDS+SBsw=="],

    "@swc/core-win32-ia32-msvc": ["@swc/core-win32-ia32-msvc@1.10.16", "", { "os": "win32", "cpu": "ia32" }, "sha512-7Jf/7AeCgbLR/JsQgMJuacHIq4Jeie3knf6+mXxn8aCvRypsOTIEu0eh7j24SolOboxK1ijqJ86GyN1VA2Rebg=="],

    "@swc/core-win32-x64-msvc": ["@swc/core-win32-x64-msvc@1.10.16", "", { "os": "win32", "cpu": "x64" }, "sha512-p0blVm0R8bjaTtmW+FoPmLxLSQdRNbqhuWcR/8g80OzMSkka9mk5/J3kn/5JRVWh+MaR9LHRHZc1Q1L8zan13g=="],

    "@swc/counter": ["@swc/counter@0.1.3", "", {}, "sha512-e2BR4lsJkkRlKZ/qCHPw9ZaSxc0MVUd7gtbtaB7aMvHeJVYe8sOB8DBZkP2DtISHGSku9sCK6T6cnY0CtXrOCQ=="],

    "@swc/types": ["@swc/types@0.1.17", "", { "dependencies": { "@swc/counter": "^0.1.3" } }, "sha512-V5gRru+aD8YVyCOMAjMpWR1Ui577DD5KSJsHP8RAxopAH22jFz6GZd/qxqjO6MJHQhcsjvjOFXyDhyLQUnMveQ=="],

    "@swc/wasm": ["@swc/wasm@1.10.16", "", {}, "sha512-ZfGQkLM3rmohm+JEMdtSi2713AI8z4giK5rCV5UiVAYYM0APjl4C2KaUD4RMcKUkP04oiUjHNkkmk6u1MMdYzA=="],

    "@types/bun": ["@types/bun@1.2.2", "", { "dependencies": { "bun-types": "1.2.2" } }, "sha512-tr74gdku+AEDN5ergNiBnplr7hpDp3V1h7fqI2GcR/rsUaM39jpSeKH0TFibRvU0KwniRx5POgaYnaXbk0hU+w=="],

    "@types/node": ["@types/node@22.13.4", "", { "dependencies": { "undici-types": "~6.20.0" } }, "sha512-ywP2X0DYtX3y08eFVx5fNIw7/uIv8hYUKgXoK8oayJlLnKcRfEYCxWMVE1XagUdVtCJlZT1AU4LXEABW+L1Peg=="],

    "@types/ws": ["@types/ws@8.5.14", "", { "dependencies": { "@types/node": "*" } }, "sha512-bd/YFLW+URhBzMXurx7lWByOu+xzU9+kb3RboOteXYDfW+tr+JZa99OyNmPINEGB/ahzKrEuc8rcv4gnpJmxTw=="],

    "acorn": ["acorn@8.14.0", "", { "bin": { "acorn": "bin/acorn" } }, "sha512-cl669nCJTZBsL97OF4kUQm5g5hC2uihk0NxY3WENAC0TYdILVkAyHymAntgxGkl7K+t0cXIrH5siy5S4XkFycA=="],

    "acorn-walk": ["acorn-walk@8.3.4", "", { "dependencies": { "acorn": "^8.11.0" } }, "sha512-ueEepnujpqee2o5aIYnvHU6C0A42MNdsIDeqy5BydrkuC5R1ZuUFnm27EeFJGoEHJQgn3uleRvmTXaJgfXbt4g=="],

    "anymatch": ["anymatch@3.1.3", "", { "dependencies": { "normalize-path": "^3.0.0", "picomatch": "^2.0.4" } }, "sha512-KMReFUr0B4t+D+OBkjR3KYqvocp2XaSzO55UcB6mgQMd3KbcE+mWTyvVV7D/zsdEbNnV6acZUutkiHQXvTr1Rw=="],

    "argparse": ["argparse@2.0.1", "", {}, "sha512-8+9WqebbFzpX9OR+Wa6O29asIogeRMzcGtAINdpMHHyAg10f05aSFVBbcEqGf/PXw1EjAZ+q2/bEBg3DvurK3Q=="],

    "binary-extensions": ["binary-extensions@2.3.0", "", {}, "sha512-Ceh+7ox5qe7LJuLHoY0feh3pHuUDHAcRUeyL2VYghZwfpkNIy/+8Ocg0a3UuSoYzavmylwuLWQOf3hl0jjMMIw=="],

    "braces": ["braces@3.0.3", "", { "dependencies": { "fill-range": "^7.1.1" } }, "sha512-yQbXgO/OSZVD2IsiLlro+7Hf6Q18EJrKSEsdoMzKePKXct3gvD8oLcOQdIzGupr5Fj+EDe8gO/lxc1BzfMpxvA=="],

    "bun-types": ["bun-types@1.2.2", "", { "dependencies": { "@types/node": "*", "@types/ws": "~8.5.10" } }, "sha512-RCbMH5elr9gjgDGDhkTTugA21XtJAy/9jkKe/G3WR2q17VPGhcquf9Sir6uay9iW+7P/BV0CAHA1XlHXMAVKHg=="],

    "chokidar": ["chokidar@3.6.0", "", { "dependencies": { "anymatch": "~3.1.2", "braces": "~3.0.2", "glob-parent": "~5.1.2", "is-binary-path": "~2.1.0", "is-glob": "~4.0.1", "normalize-path": "~3.0.0", "readdirp": "~3.6.0" }, "optionalDependencies": { "fsevents": "~2.3.2" } }, "sha512-7VT13fmjotKpGipCW9JEQAusEPE+Ei8nl6/g4FBAmIm0GOOLMua9NDDo/DWp0ZAxCr3cPq5ZpBqmPAQgDda2Pw=="],

    "commander": ["commander@11.1.0", "", {}, "sha512-yPVavfyCcRhmorC7rWlkHn15b4wDVgVmBA7kV4QVBsF7kv/9TKJAbAXVTxvTnwP8HHKjRCJDClKbciiYS7p0DQ=="],

    "fill-range": ["fill-range@7.1.1", "", { "dependencies": { "to-regex-range": "^5.0.1" } }, "sha512-YsGpe3WHLK8ZYi4tWDg2Jy3ebRz2rXowDxnld4bkQB00cc/1Zw9AWnC0i9ztDJitivtQvaI9KaLyKrc+hBW0yg=="],

    "fsevents": ["fsevents@2.3.3", "", { "os": "darwin" }, "sha512-5xoDfX+fL7faATnagmWPpbFtwh/R77WmMMqqHGS65C3vvB0YHrgF+B1YmZ3441tMj5n63k0212XNoJwzlhffQw=="],

    "galbe": ["galbe@0.10.1", "", { "dependencies": { "@swc/core": "^1.3.107", "@swc/wasm": "^1.4.0", "acorn": "^8.11.2", "acorn-walk": "^8.3.0", "chokidar": "^3.6.0", "commander": "^11.1.0", "js-yaml": "^4.1.0" }, "peerDependencies": { "typescript": "^5.0.0" }, "bin": { "galbe": "bin/cli.ts" } }, "sha512-AKxO3zC0G4vvlD8epgfRd0vcioew9dsVlGnNYbpX6Sq7S8zTnVzQCMmf2BXam468nNb3y2bSwfHGTdERqA9GkA=="],

    "glob-parent": ["glob-parent@5.1.2", "", { "dependencies": { "is-glob": "^4.0.1" } }, "sha512-AOIgSQCepiJYwP3ARnGx+5VnTu2HBYdzbGP45eLw1vr3zB3vZLeyed1sC9hnbcOc9/SrMyM5RPQrkGz4aS9Zow=="],

    "is-binary-path": ["is-binary-path@2.1.0", "", { "dependencies": { "binary-extensions": "^2.0.0" } }, "sha512-ZMERYes6pDydyuGidse7OsHxtbI7WVeUEozgR/g7rd0xUimYNlvZRE/K2MgZTjWy725IfelLeVcEM97mmtRGXw=="],

    "is-extglob": ["is-extglob@2.1.1", "", {}, "sha512-SbKbANkN603Vi4jEZv49LeVJMn4yGwsbzZworEoyEiutsN3nJYdbO36zfhGJ6QEDpOZIFkDtnq5JRxmvl3jsoQ=="],

    "is-glob": ["is-glob@4.0.3", "", { "dependencies": { "is-extglob": "^2.1.1" } }, "sha512-xelSayHH36ZgE7ZWhli7pW34hNbNl8Ojv5KVmkJD4hBdD3th8Tfk9vYasLM+mXWOZhFkgZfxhLSnrwRr4elSSg=="],

    "is-number": ["is-number@7.0.0", "", {}, "sha512-41Cifkg6e8TylSpdtTpeLVMqvSBEVzTttHvERD741+pnZ8ANv0004MRL43QKPDlK9cGvNp6NZWZUBlbGXYxxng=="],

    "js-yaml": ["js-yaml@4.1.0", "", { "dependencies": { "argparse": "^2.0.1" }, "bin": { "js-yaml": "bin/js-yaml.js" } }, "sha512-wpxZs9NoxZaJESJGIZTyDEaYpl0FKSA+FB9aJiyemKhMwkxQg63h4T1KJgUGHpTqPDNRcmmYLugrRjJlBtWvRA=="],

    "normalize-path": ["normalize-path@3.0.0", "", {}, "sha512-6eZs5Ls3WtCisHWp9S2GUy8dqkpGi4BVSz3GaqiE6ezub0512ESztXUwUB6C6IKbQkY2Pnb/mD4WYojCRwcwLA=="],

    "picomatch": ["picomatch@2.3.1", "", {}, "sha512-JU3teHTNjmE2VCGFzuY8EXzCDVwEqB2a8fsIvwaStHhAWJEeVd1o1QD80CU6+ZdEXXSLbSsuLwJjkCBWqRQUVA=="],

    "readdirp": ["readdirp@3.6.0", "", { "dependencies": { "picomatch": "^2.2.1" } }, "sha512-hOS089on8RduqdbhvQ5Z37A0ESjsqz6qnRcffsMU3495FuTdqSm+7bhJ29JvIOsBDEEnan5DPu9t3To9VRlMzA=="],

    "to-regex-range": ["to-regex-range@5.0.1", "", { "dependencies": { "is-number": "^7.0.0" } }, "sha512-65P7iz6X5yEr1cwcgvQxbbIw7Uk3gOy5dIdtZ4rDveLqhrdJP+Li/Hx6tyK0NEb+2GCyneCMJiGqrADCSNk8sQ=="],

    "typescript": ["typescript@5.7.3", "", { "bin": { "tsc": "bin/tsc", "tsserver": "bin/tsserver" } }, "sha512-84MVSjMEHP+FQRPy3pX9sTVV/INIex71s9TL2Gm5FG/WG1SqXeKyZ0k7/blY/4FdOzI12CBy1vGc4og/eus0fw=="],

    "undici-types": ["undici-types@6.20.0", "", {}, "sha512-Ny6QZ2Nju20vw1SRHe3d9jVu6gJ+4e3+MMpqu7pqE5HT6WsTSlce++GQmK5UXS8mzV8DSYHrQH+Xrf2jVcuKNg=="],
  }
}
